
Microsoft Visual Studio Solution File, Format Version 12.00
# Visual Studio Version 17
VisualStudioVersion = 17.14.36202.13 d17.14
MinimumVisualStudioVersion = 10.0.40219.1
Project("{FAE04EC0-301F-11D3-BF4B-00C04F79EFBC}") = "CodePulse.API", "CodePulse.API\CodePulse.API.csproj", "{C44A0DEF-5BCE-4E38-BCC2-982737552533}"
EndProject
Global
	GlobalSection(SolutionConfigurationPlatforms) = preSolution
		Debug|Any CPU = Debug|Any CPU
		Release|Any CPU = Release|Any CPU
	EndGlobalSection
	GlobalSection(ProjectConfigurationPlatforms) = postSolution
		{C44A0DEF-5BCE-4E38-BCC2-982737552533}.Debug|Any CPU.ActiveCfg = Debug|Any CPU
		{C44A0DEF-5BCE-4E38-BCC2-982737552533}.Debug|Any CPU.Build.0 = Debug|Any CPU
		{C44A0DEF-5BCE-4E38-BCC2-982737552533}.Release|Any CPU.ActiveCfg = Release|Any CPU
		{C44A0DEF-5BCE-4E38-BCC2-982737552533}.Release|Any CPU.Build.0 = Release|Any CPU
	EndGlobalSection
	GlobalSection(SolutionProperties) = preSolution
		HideSolutionNode = FALSE
	EndGlobalSection
	GlobalSection(ExtensibilityGlobals) = postSolution
		SolutionGuid = {E3389461-90AA-4ECE-8E93-63B65BA386AD}
	EndGlobalSection
EndGlobal
